{
  "requires": true,
  "lockfileVersion": 1,
  "dependencies": {
    "pyright": {
      "version": "1.1.193",
      "resolved": "https://registry.npmjs.org/pyright/-/pyright-1.1.193.tgz",
      "integrity": "sha512-01hkfhK1PYKPSWbJrYgNwwlsVH+Thp1xmkKZjxVZrGFqavkJbhETlg1RcAHMnmU8Sg7G4Ry99dW6IsSGyCdzXg==",
      "dev": true
    }
  }
}
