{
  "requires": true,
  "lockfileVersion": 1,
  "dependencies": {
    "pyright": {
      "version": "1.1.211",
      "resolved": "https://registry.npmjs.org/pyright/-/pyright-1.1.211.tgz",
      "integrity": "sha512-TTmHOHe979Ewab9eogqnYqrjuAJbY4SP64UUkhg6O67HhIzWx6hucyUMIk1Ch809GaaYiHGAzAdp3pId9czKnw==",
      "dev": true
    }
  }
}
