{
  "requires": true,
  "lockfileVersion": 1,
  "dependencies": {
    "pyright": {
      "version": "1.1.249",
      "resolved": "https://registry.npmjs.org/pyright/-/pyright-1.1.249.tgz",
      "integrity": "sha512-/pLue74RMbc6j+XkbDNIWmQ4EHw0kar3Juw6fN5+AjtJeY7a5cpSi2q023OZymqoTAaYzPxP5v+p87/sqFjTqg==",
      "dev": true
    }
  }
}
